
Microsoft Visual Studio Solution File, Format Version 12.00
# Visual Studio 15
VisualStudioVersion = 15.0.28307.1022
MinimumVisualStudioVersion = 10.0.40219.1
Project("{FAE04EC0-301F-11D3-BF4B-00C04F79EFBC}") = "complexNums", "complexNums\complexNums.csproj", "{9AACCFB2-E212-46BE-85C5-B5008F03E8CF}"
EndProject
Global
	GlobalSection(SolutionConfigurationPlatforms) = preSolution
		Debug|Any CPU = Debug|Any CPU
		Release|Any CPU = Release|Any CPU
	EndGlobalSection
	GlobalSection(ProjectConfigurationPlatforms) = postSolution
		{9AACCFB2-E212-46BE-85C5-B5008F03E8CF}.Debug|Any CPU.ActiveCfg = Debug|Any CPU
		{9AACCFB2-E212-46BE-85C5-B5008F03E8CF}.Debug|Any CPU.Build.0 = Debug|Any CPU
		{9AACCFB2-E212-46BE-85C5-B5008F03E8CF}.Release|Any CPU.ActiveCfg = Release|Any CPU
		{9AACCFB2-E212-46BE-85C5-B5008F03E8CF}.Release|Any CPU.Build.0 = Release|Any CPU
	EndGlobalSection
	GlobalSection(SolutionProperties) = preSolution
		HideSolutionNode = FALSE
	EndGlobalSection
	GlobalSection(ExtensibilityGlobals) = postSolution
		SolutionGuid = {99A85051-0C07-41E3-A07F-B3FDA8211779}
	EndGlobalSection
EndGlobal
